
Microsoft Visual Studio Solution File, Format Version 12.00
# Visual Studio 2013
VisualStudioVersion = 12.0.21005.1
MinimumVisualStudioVersion = 10.0.40219.1
Project("{FAE04EC0-301F-11D3-BF4B-00C04F79EFBC}") = "DataConfig", "DataConfig\DataConfig.csproj", "{118D8B86-F73F-4442-85FF-74396272D9AF}"
EndProject
Project("{FAE04EC0-301F-11D3-BF4B-00C04F79EFBC}") = "ConfigEditor", "ConfigEditor\ConfigEditor.csproj", "{CA8F8202-1FFA-4A24-B9D6-F3AE5744086C}"
EndProject
Global
	GlobalSection(SolutionConfigurationPlatforms) = preSolution
		Debug|Any CPU = Debug|Any CPU
		Release|Any CPU = Release|Any CPU
	EndGlobalSection
	GlobalSection(ProjectConfigurationPlatforms) = postSolution
		{118D8B86-F73F-4442-85FF-74396272D9AF}.Debug|Any CPU.ActiveCfg = Debug|Any CPU
		{118D8B86-F73F-4442-85FF-74396272D9AF}.Debug|Any CPU.Build.0 = Debug|Any CPU
		{118D8B86-F73F-4442-85FF-74396272D9AF}.Release|Any CPU.ActiveCfg = Release|Any CPU
		{118D8B86-F73F-4442-85FF-74396272D9AF}.Release|Any CPU.Build.0 = Release|Any CPU
		{CA8F8202-1FFA-4A24-B9D6-F3AE5744086C}.Debug|Any CPU.ActiveCfg = Debug|Any CPU
		{CA8F8202-1FFA-4A24-B9D6-F3AE5744086C}.Debug|Any CPU.Build.0 = Debug|Any CPU
		{CA8F8202-1FFA-4A24-B9D6-F3AE5744086C}.Release|Any CPU.ActiveCfg = Release|Any CPU
		{CA8F8202-1FFA-4A24-B9D6-F3AE5744086C}.Release|Any CPU.Build.0 = Release|Any CPU
	EndGlobalSection
	GlobalSection(SolutionProperties) = preSolution
		HideSolutionNode = FALSE
	EndGlobalSection
EndGlobal
